
Microsoft Visual Studio Solution File, Format Version 12.00
# Visual Studio Version 16
VisualStudioVersion = 16.0.29230.47
MinimumVisualStudioVersion = 10.0.40219.1
Project("{9A19103F-16F7-4668-BE54-9A1E7A4F7556}") = "TorrentReader", "TorrentReader\TorrentReader.csproj", "{E2F5E9E4-6FBE-4CE8-A948-89E9736559F6}"
EndProject
Project("{9A19103F-16F7-4668-BE54-9A1E7A4F7556}") = "API", "API\API.csproj", "{92D478AE-7B4F-40F5-A6C6-404BF5AD2966}"
EndProject
Global
	GlobalSection(SolutionConfigurationPlatforms) = preSolution
		Debug|Any CPU = Debug|Any CPU
		Release|Any CPU = Release|Any CPU
	EndGlobalSection
	GlobalSection(ProjectConfigurationPlatforms) = postSolution
		{E2F5E9E4-6FBE-4CE8-A948-89E9736559F6}.Debug|Any CPU.ActiveCfg = Debug|Any CPU
		{E2F5E9E4-6FBE-4CE8-A948-89E9736559F6}.Debug|Any CPU.Build.0 = Debug|Any CPU
		{E2F5E9E4-6FBE-4CE8-A948-89E9736559F6}.Release|Any CPU.ActiveCfg = Release|Any CPU
		{E2F5E9E4-6FBE-4CE8-A948-89E9736559F6}.Release|Any CPU.Build.0 = Release|Any CPU
		{92D478AE-7B4F-40F5-A6C6-404BF5AD2966}.Debug|Any CPU.ActiveCfg = Debug|Any CPU
		{92D478AE-7B4F-40F5-A6C6-404BF5AD2966}.Debug|Any CPU.Build.0 = Debug|Any CPU
		{92D478AE-7B4F-40F5-A6C6-404BF5AD2966}.Release|Any CPU.ActiveCfg = Release|Any CPU
		{92D478AE-7B4F-40F5-A6C6-404BF5AD2966}.Release|Any CPU.Build.0 = Release|Any CPU
	EndGlobalSection
	GlobalSection(SolutionProperties) = preSolution
		HideSolutionNode = FALSE
	EndGlobalSection
	GlobalSection(ExtensibilityGlobals) = postSolution
		SolutionGuid = {F090F20F-3D94-4A88-85A2-99D957C37B1A}
	EndGlobalSection
EndGlobal
